
Microsoft Visual Studio Solution File, Format Version 12.00
# Visual Studio Version 16
VisualStudioVersion = 16.0.29102.190
MinimumVisualStudioVersion = 10.0.40219.1
Project("{9A19103F-16F7-4668-BE54-9A1E7A4F7556}") = "Platform.Collections.Methods", "Platform.Collections.Methods\Platform.Collections.Methods.csproj", "{36C2D7A5-2381-41C8-B4FD-55E410858438}"
EndProject
Global
	GlobalSection(SolutionConfigurationPlatforms) = preSolution
		Debug|Any CPU = Debug|Any CPU
		Release|Any CPU = Release|Any CPU
	EndGlobalSection
	GlobalSection(ProjectConfigurationPlatforms) = postSolution
		{36C2D7A5-2381-41C8-B4FD-55E410858438}.Debug|Any CPU.ActiveCfg = Debug|Any CPU
		{36C2D7A5-2381-41C8-B4FD-55E410858438}.Debug|Any CPU.Build.0 = Debug|Any CPU
		{36C2D7A5-2381-41C8-B4FD-55E410858438}.Release|Any CPU.ActiveCfg = Release|Any CPU
		{36C2D7A5-2381-41C8-B4FD-55E410858438}.Release|Any CPU.Build.0 = Release|Any CPU
	EndGlobalSection
	GlobalSection(SolutionProperties) = preSolution
		HideSolutionNode = FALSE
	EndGlobalSection
	GlobalSection(ExtensibilityGlobals) = postSolution
		SolutionGuid = {28A3FD32-22BC-4E00-9612-0EDC0379F2E3}
	EndGlobalSection
EndGlobal
